<?xml version="1.0" encoding="utf-8"?>
<Project ToolsVersion="4.0" xmlns="http://schemas.microsoft.com/developer/msbuild/2003">
  <ItemGroup>
    <Filter Include="Source Files">
      <UniqueIdentifier>{4FC737F1-C7A5-4376-A066-2A32D752A2FF}</UniqueIdentifier>
      <Extensions>cpp;c;cc;cxx;def;odl;idl;hpj;bat;asm;asmx</Extensions>
    </Filter>
    <Filter Include="Header Files">
      <UniqueIdentifier>{93995380-89BD-4b04-88EB-625FBE52EBFB}</UniqueIdentifier>
      <Extensions>h;hh;hpp;hxx;hm;inl;inc;xsd</Extensions>
    </Filter>
    <Filter Include="Resource Files">
      <UniqueIdentifier>{67DA6AB6-F800-4c08-8B7A-83BB121AAD01}</UniqueIdentifier>
      <Extensions>rc;ico;cur;bmp;dlg;rc2;rct;bin;rgs;gif;jpg;jpeg;jpe;resx;tiff;tif;png;wav;mfcribbon-ms</Extensions>
    </Filter>
  </ItemGroup>
  <ItemGroup>
    <ClInclude Include="atomMC.h">
      <Filter>Header Files</Filter>
    </ClInclude>
    <ClInclude Include="auxfuncMC.h">
      <Filter>Header Files</Filter>
    </ClInclude>
    <ClInclude Include="energyMC.h">
      <Filter>Header Files</Filter>
    </ClInclude>
    <ClInclude Include="ensembleMC.h">
      <Filter>Header Files</Filter>
    </ClInclude>
    <ClInclude Include="ljatomMC.h">
      <Filter>Header Files</Filter>
    </ClInclude>
    <ClInclude Include="ljenergyMC.h">
      <Filter>Header Files</Filter>
    </ClInclude>
    <ClInclude Include="mc.h">
      <Filter>Header Files</Filter>
    </ClInclude>
    <ClInclude Include="nveMC.h">
      <Filter>Header Files</Filter>
    </ClInclude>
    <ClInclude Include="simMC.h">
      <Filter>Header Files</Filter>
    </ClInclude>
  </ItemGroup>
  <ItemGroup>
    <ClCompile Include="auxfuncMC.cpp">
      <Filter>Source Files</Filter>
    </ClCompile>
    <ClCompile Include="energyMC.cpp">
      <Filter>Source Files</Filter>
    </ClCompile>
    <ClCompile Include="ensembleMC.cpp">
      <Filter>Source Files</Filter>
    </ClCompile>
    <ClCompile Include="ljatomMC.cpp">
      <Filter>Source Files</Filter>
    </ClCompile>
    <ClCompile Include="ljenergyMC.cpp">
      <Filter>Source Files</Filter>
    </ClCompile>
    <ClCompile Include="mainMC.cpp">
      <Filter>Source Files</Filter>
    </ClCompile>
    <ClCompile Include="mc.cpp">
      <Filter>Source Files</Filter>
    </ClCompile>
    <ClCompile Include="nveMC.cpp">
      <Filter>Source Files</Filter>
    </ClCompile>
    <ClCompile Include="simMC.cpp">
      <Filter>Source Files</Filter>
    </ClCompile>
    <ClCompile Include="atomMC.cpp">
      <Filter>Source Files</Filter>
    </ClCompile>
  </ItemGroup>
  <ItemGroup>
    <None Include="mc.dat">
      <Filter>Resource Files</Filter>
    </None>
    <None Include="NVEfileMC.dat">
      <Filter>Resource Files</Filter>
    </None>
    <None Include="paramLJ.dat">
      <Filter>Resource Files</Filter>
    </None>
    <None Include="simMC.dat">
      <Filter>Resource Files</Filter>
    </None>
  </ItemGroup>
  <ItemGroup>
    <Text Include="WS_FTP.LOG">
      <Filter>Resource Files</Filter>
    </Text>
  </ItemGroup>
</Project>